// !$*UTF8*$!
{
	archiveVersion = 1;
	classes = {
	};
	objectVersion = 46;
	objects = {

/* Begin PBXBuildFile section */
		3801455D1E1DFD34003DDB63 /* AppDelegate.swift in Sources */ = {isa = PBXBuildFile; fileRef = 3801455C1E1DFD34003DDB63 /* AppDelegate.swift */; };
		3801455F1E1DFD34003DDB63 /* ViewController.swift in Sources */ = {isa = PBXBuildFile; fileRef = 3801455E1E1DFD34003DDB63 /* ViewController.swift */; };
		380145621E1DFD34003DDB63 /* Main.storyboard in Resources */ = {isa = PBXBuildFile; fileRef = 380145601E1DFD34003DDB63 /* Main.storyboard */; };
		380145641E1DFD34003DDB63 /* Assets.xcassets in Resources */ = {isa = PBXBuildFile; fileRef = 380145631E1DFD34003DDB63 /* Assets.xcassets */; };
		380145671E1DFD34003DDB63 /* LaunchScreen.storyboard in Resources */ = {isa = PBXBuildFile; fileRef = 380145651E1DFD34003DDB63 /* LaunchScreen.storyboard */; };
		380145721E1DFD34003DDB63 /* HulkTests.swift in Sources */ = {isa = PBXBuildFile; fileRef = 380145711E1DFD34003DDB63 /* HulkTests.swift */; };
		3801457D1E1DFD34003DDB63 /* HulkUITests.swift in Sources */ = {isa = PBXBuildFile; fileRef = 3801457C1E1DFD34003DDB63 /* HulkUITests.swift */; };
		380145951E1E01D8003DDB63 /* DriverCell.swift in Sources */ = {isa = PBXBuildFile; fileRef = 380145931E1E01D8003DDB63 /* DriverCell.swift */; };
		380145961E1E01D8003DDB63 /* DriverCell.xib in Resources */ = {isa = PBXBuildFile; fileRef = 380145941E1E01D8003DDB63 /* DriverCell.xib */; };
		381920701E1FCDB00092FFD7 /* BaseViewController.swift in Sources */ = {isa = PBXBuildFile; fileRef = 3819206F1E1FCDB00092FFD7 /* BaseViewController.swift */; };
		382C90771E1F49B20010170E /* TorrentApi.swift in Sources */ = {isa = PBXBuildFile; fileRef = 382C90761E1F49B20010170E /* TorrentApi.swift */; };
		382C90791E1F4AFF0010170E /* Torrent.swift in Sources */ = {isa = PBXBuildFile; fileRef = 382C90781E1F4AFF0010170E /* Torrent.swift */; };
		382C907B1E1F4F850010170E /* TorrentApiProtocol.swift in Sources */ = {isa = PBXBuildFile; fileRef = 382C907A1E1F4F850010170E /* TorrentApiProtocol.swift */; };
		3847CB781E1FC8D2001AE1CD /* BaseNavigationController.swift in Sources */ = {isa = PBXBuildFile; fileRef = 3847CB771E1FC8D2001AE1CD /* BaseNavigationController.swift */; };
		3895EAA11E1FCB0000C3D8C3 /* TorrentViewController.swift in Sources */ = {isa = PBXBuildFile; fileRef = 3895EAA01E1FCB0000C3D8C3 /* TorrentViewController.swift */; };
		83A26495BE47DF1F335046D0 /* Pods_HulkUITests.framework in Frameworks */ = {isa = PBXBuildFile; fileRef = 06288769A2814D189A22B89F /* Pods_HulkUITests.framework */; };
		CB542FE55C8B491FF35EB60A /* Pods_HulkTests.framework in Frameworks */ = {isa = PBXBuildFile; fileRef = 5507F50ABDA0DB408EFA3AEA /* Pods_HulkTests.framework */; };
		E444F115ED33CB54DB6B49D0 /* Pods_Hulk.framework in Frameworks */ = {isa = PBXBuildFile; fileRef = C700A478CE90E9B5BC6C35E8 /* Pods_Hulk.framework */; };
/* End PBXBuildFile section */

/* Begin PBXContainerItemProxy section */
		3801456E1E1DFD34003DDB63 /* PBXContainerItemProxy */ = {
			isa = PBXContainerItemProxy;
			containerPortal = 380145511E1DFD34003DDB63 /* Project object */;
			proxyType = 1;
			remoteGlobalIDString = 380145581E1DFD34003DDB63;
			remoteInfo = Hulk;
		};
		380145791E1DFD34003DDB63 /* PBXContainerItemProxy */ = {
			isa = PBXContainerItemProxy;
			containerPortal = 380145511E1DFD34003DDB63 /* Project object */;
			proxyType = 1;
			remoteGlobalIDString = 380145581E1DFD34003DDB63;
			remoteInfo = Hulk;
		};
/* End PBXContainerItemProxy section */

/* Begin PBXFileReference section */
		06288769A2814D189A22B89F /* Pods_HulkUITests.framework */ = {isa = PBXFileReference; explicitFileType = wrapper.framework; includeInIndex = 0; path = Pods_HulkUITests.framework; sourceTree = BUILT_PRODUCTS_DIR; };
		2FC31A164E80EE4088F6012C /* Pods-HulkTests.debug.xcconfig */ = {isa = PBXFileReference; includeInIndex = 1; lastKnownFileType = text.xcconfig; name = "Pods-HulkTests.debug.xcconfig"; path = "Pods/Target Support Files/Pods-HulkTests/Pods-HulkTests.debug.xcconfig"; sourceTree = "<group>"; };
		380145591E1DFD34003DDB63 /* Hulk.app */ = {isa = PBXFileReference; explicitFileType = wrapper.application; includeInIndex = 0; path = Hulk.app; sourceTree = BUILT_PRODUCTS_DIR; };
		3801455C1E1DFD34003DDB63 /* AppDelegate.swift */ = {isa = PBXFileReference; lastKnownFileType = sourcecode.swift; path = AppDelegate.swift; sourceTree = "<group>"; };
		3801455E1E1DFD34003DDB63 /* ViewController.swift */ = {isa = PBXFileReference; lastKnownFileType = sourcecode.swift; name = ViewController.swift; path = ../../../ViewController.swift; sourceTree = "<group>"; };
		380145611E1DFD34003DDB63 /* Base */ = {isa = PBXFileReference; lastKnownFileType = file.storyboard; name = Base; path = Base.lproj/Main.storyboard; sourceTree = "<group>"; };
		380145631E1DFD34003DDB63 /* Assets.xcassets */ = {isa = PBXFileReference; lastKnownFileType = folder.assetcatalog; path = Assets.xcassets; sourceTree = "<group>"; };
		380145661E1DFD34003DDB63 /* Base */ = {isa = PBXFileReference; lastKnownFileType = file.storyboard; name = Base; path = Base.lproj/LaunchScreen.storyboard; sourceTree = "<group>"; };
		380145681E1DFD34003DDB63 /* Info.plist */ = {isa = PBXFileReference; lastKnownFileType = text.plist.xml; path = Info.plist; sourceTree = "<group>"; };
		3801456D1E1DFD34003DDB63 /* HulkTests.xctest */ = {isa = PBXFileReference; explicitFileType = wrapper.cfbundle; includeInIndex = 0; path = HulkTests.xctest; sourceTree = BUILT_PRODUCTS_DIR; };
		380145711E1DFD34003DDB63 /* HulkTests.swift */ = {isa = PBXFileReference; lastKnownFileType = sourcecode.swift; path = HulkTests.swift; sourceTree = "<group>"; };
		380145731E1DFD34003DDB63 /* Info.plist */ = {isa = PBXFileReference; lastKnownFileType = text.plist.xml; path = Info.plist; sourceTree = "<group>"; };
		380145781E1DFD34003DDB63 /* HulkUITests.xctest */ = {isa = PBXFileReference; explicitFileType = wrapper.cfbundle; includeInIndex = 0; path = HulkUITests.xctest; sourceTree = BUILT_PRODUCTS_DIR; };
		3801457C1E1DFD34003DDB63 /* HulkUITests.swift */ = {isa = PBXFileReference; lastKnownFileType = sourcecode.swift; path = HulkUITests.swift; sourceTree = "<group>"; };
		3801457E1E1DFD34003DDB63 /* Info.plist */ = {isa = PBXFileReference; lastKnownFileType = text.plist.xml; path = Info.plist; sourceTree = "<group>"; };
		380145931E1E01D8003DDB63 /* DriverCell.swift */ = {isa = PBXFileReference; fileEncoding = 4; lastKnownFileType = sourcecode.swift; path = DriverCell.swift; sourceTree = "<group>"; };
		380145941E1E01D8003DDB63 /* DriverCell.xib */ = {isa = PBXFileReference; fileEncoding = 4; lastKnownFileType = file.xib; path = DriverCell.xib; sourceTree = "<group>"; };
		3819206F1E1FCDB00092FFD7 /* BaseViewController.swift */ = {isa = PBXFileReference; fileEncoding = 4; lastKnownFileType = sourcecode.swift; path = BaseViewController.swift; sourceTree = "<group>"; };
		382C90761E1F49B20010170E /* TorrentApi.swift */ = {isa = PBXFileReference; fileEncoding = 4; lastKnownFileType = sourcecode.swift; path = TorrentApi.swift; sourceTree = "<group>"; };
		382C90781E1F4AFF0010170E /* Torrent.swift */ = {isa = PBXFileReference; fileEncoding = 4; lastKnownFileType = sourcecode.swift; path = Torrent.swift; sourceTree = "<group>"; };
		382C907A1E1F4F850010170E /* TorrentApiProtocol.swift */ = {isa = PBXFileReference; fileEncoding = 4; lastKnownFileType = sourcecode.swift; path = TorrentApiProtocol.swift; sourceTree = "<group>"; };
		3847CB771E1FC8D2001AE1CD /* BaseNavigationController.swift */ = {isa = PBXFileReference; fileEncoding = 4; lastKnownFileType = sourcecode.swift; path = BaseNavigationController.swift; sourceTree = "<group>"; };
		3895EAA01E1FCB0000C3D8C3 /* TorrentViewController.swift */ = {isa = PBXFileReference; fileEncoding = 4; lastKnownFileType = sourcecode.swift; path = TorrentViewController.swift; sourceTree = "<group>"; };
		52B4A7797BBA0535A62A7BF5 /* Pods-Hulk.release.xcconfig */ = {isa = PBXFileReference; includeInIndex = 1; lastKnownFileType = text.xcconfig; name = "Pods-Hulk.release.xcconfig"; path = "Pods/Target Support Files/Pods-Hulk/Pods-Hulk.release.xcconfig"; sourceTree = "<group>"; };
		5507F50ABDA0DB408EFA3AEA /* Pods_HulkTests.framework */ = {isa = PBXFileReference; explicitFileType = wrapper.framework; includeInIndex = 0; path = Pods_HulkTests.framework; sourceTree = BUILT_PRODUCTS_DIR; };
		757A03F2B1D74FE297A0AD19 /* Pods-HulkUITests.debug.xcconfig */ = {isa = PBXFileReference; includeInIndex = 1; lastKnownFileType = text.xcconfig; name = "Pods-HulkUITests.debug.xcconfig"; path = "Pods/Target Support Files/Pods-HulkUITests/Pods-HulkUITests.debug.xcconfig"; sourceTree = "<group>"; };
		B821B4D0767D5E4838D41E11 /* Pods-HulkUITests.release.xcconfig */ = {isa = PBXFileReference; includeInIndex = 1; lastKnownFileType = text.xcconfig; name = "Pods-HulkUITests.release.xcconfig"; path = "Pods/Target Support Files/Pods-HulkUITests/Pods-HulkUITests.release.xcconfig"; sourceTree = "<group>"; };
		BCC12555B35AA3B6370B8E78 /* Pods-Hulk.debug.xcconfig */ = {isa = PBXFileReference; includeInIndex = 1; lastKnownFileType = text.xcconfig; name = "Pods-Hulk.debug.xcconfig"; path = "Pods/Target Support Files/Pods-Hulk/Pods-Hulk.debug.xcconfig"; sourceTree = "<group>"; };
		C700A478CE90E9B5BC6C35E8 /* Pods_Hulk.framework */ = {isa = PBXFileReference; explicitFileType = wrapper.framework; includeInIndex = 0; path = Pods_Hulk.framework; sourceTree = BUILT_PRODUCTS_DIR; };
		F234F8EAA32360D17C37B102 /* Pods-HulkTests.release.xcconfig */ = {isa = PBXFileReference; includeInIndex = 1; lastKnownFileType = text.xcconfig; name = "Pods-HulkTests.release.xcconfig"; path = "Pods/Target Support Files/Pods-HulkTests/Pods-HulkTests.release.xcconfig"; sourceTree = "<group>"; };
/* End PBXFileReference section */

/* Begin PBXFrameworksBuildPhase section */
		380145561E1DFD34003DDB63 /* Frameworks */ = {
			isa = PBXFrameworksBuildPhase;
			buildActionMask = 2147483647;
			files = (
				E444F115ED33CB54DB6B49D0 /* Pods_Hulk.framework in Frameworks */,
			);
			runOnlyForDeploymentPostprocessing = 0;
		};
		3801456A1E1DFD34003DDB63 /* Frameworks */ = {
			isa = PBXFrameworksBuildPhase;
			buildActionMask = 2147483647;
			files = (
				CB542FE55C8B491FF35EB60A /* Pods_HulkTests.framework in Frameworks */,
			);
			runOnlyForDeploymentPostprocessing = 0;
		};
		380145751E1DFD34003DDB63 /* Frameworks */ = {
			isa = PBXFrameworksBuildPhase;
			buildActionMask = 2147483647;
			files = (
				83A26495BE47DF1F335046D0 /* Pods_HulkUITests.framework in Frameworks */,
			);
			runOnlyForDeploymentPostprocessing = 0;
		};
/* End PBXFrameworksBuildPhase section */

/* Begin PBXGroup section */
		0BB383BECE7DA0A21266EDA9 /* Frameworks */ = {
			isa = PBXGroup;
			children = (
				C700A478CE90E9B5BC6C35E8 /* Pods_Hulk.framework */,
				5507F50ABDA0DB408EFA3AEA /* Pods_HulkTests.framework */,
				06288769A2814D189A22B89F /* Pods_HulkUITests.framework */,
			);
			name = Frameworks;
			sourceTree = "<group>";
		};
		28D2E8F75C8B9529DB9F4059 /* Pods */ = {
			isa = PBXGroup;
			children = (
				BCC12555B35AA3B6370B8E78 /* Pods-Hulk.debug.xcconfig */,
				52B4A7797BBA0535A62A7BF5 /* Pods-Hulk.release.xcconfig */,
				2FC31A164E80EE4088F6012C /* Pods-HulkTests.debug.xcconfig */,
				F234F8EAA32360D17C37B102 /* Pods-HulkTests.release.xcconfig */,
				757A03F2B1D74FE297A0AD19 /* Pods-HulkUITests.debug.xcconfig */,
				B821B4D0767D5E4838D41E11 /* Pods-HulkUITests.release.xcconfig */,
			);
			name = Pods;
			sourceTree = "<group>";
		};
		380145501E1DFD34003DDB63 = {
			isa = PBXGroup;
			children = (
				3801455B1E1DFD34003DDB63 /* Hulk */,
				380145701E1DFD34003DDB63 /* HulkTests */,
				3801457B1E1DFD34003DDB63 /* HulkUITests */,
				3801455A1E1DFD34003DDB63 /* Products */,
				28D2E8F75C8B9529DB9F4059 /* Pods */,
				0BB383BECE7DA0A21266EDA9 /* Frameworks */,
			);
			sourceTree = "<group>";
		};
		3801455A1E1DFD34003DDB63 /* Products */ = {
			isa = PBXGroup;
			children = (
				380145591E1DFD34003DDB63 /* Hulk.app */,
				3801456D1E1DFD34003DDB63 /* HulkTests.xctest */,
				380145781E1DFD34003DDB63 /* HulkUITests.xctest */,
			);
			name = Products;
			sourceTree = "<group>";
		};
		3801455B1E1DFD34003DDB63 /* Hulk */ = {
			isa = PBXGroup;
			children = (
				3847CB761E1FC8AE001AE1CD /* Base */,
				382C90751E1F499C0010170E /* Servers */,
				3801458A1E1DFFA6003DDB63 /* Macro */,
				3801458B1E1DFFA6003DDB63 /* Modules */,
				3801458C1E1DFFA6003DDB63 /* Resources */,
				3801458D1E1DFFA6003DDB63 /* Utils */,
				3801458E1E1DFFA6003DDB63 /* Vendor */,
				3801455C1E1DFD34003DDB63 /* AppDelegate.swift */,
				380145601E1DFD34003DDB63 /* Main.storyboard */,
				380145631E1DFD34003DDB63 /* Assets.xcassets */,
				380145651E1DFD34003DDB63 /* LaunchScreen.storyboard */,
				380145681E1DFD34003DDB63 /* Info.plist */,
			);
			path = Hulk;
			sourceTree = "<group>";
		};
		380145701E1DFD34003DDB63 /* HulkTests */ = {
			isa = PBXGroup;
			children = (
				380145711E1DFD34003DDB63 /* HulkTests.swift */,
				380145731E1DFD34003DDB63 /* Info.plist */,
			);
			path = HulkTests;
			sourceTree = "<group>";
		};
		3801457B1E1DFD34003DDB63 /* HulkUITests */ = {
			isa = PBXGroup;
			children = (
				3801457C1E1DFD34003DDB63 /* HulkUITests.swift */,
				3801457E1E1DFD34003DDB63 /* Info.plist */,
			);
			path = HulkUITests;
			sourceTree = "<group>";
		};
		3801458A1E1DFFA6003DDB63 /* Macro */ = {
			isa = PBXGroup;
			children = (
			);
			path = Macro;
			sourceTree = "<group>";
		};
		3801458B1E1DFFA6003DDB63 /* Modules */ = {
			isa = PBXGroup;
			children = (
				3801458F1E1DFFDF003DDB63 /* Home */,
			);
			path = Modules;
			sourceTree = "<group>";
		};
		3801458C1E1DFFA6003DDB63 /* Resources */ = {
			isa = PBXGroup;
			children = (
			);
			path = Resources;
			sourceTree = "<group>";
		};
		3801458D1E1DFFA6003DDB63 /* Utils */ = {
			isa = PBXGroup;
			children = (
			);
			path = Utils;
			sourceTree = "<group>";
		};
		3801458E1E1DFFA6003DDB63 /* Vendor */ = {
			isa = PBXGroup;
			children = (
			);
			path = Vendor;
			sourceTree = "<group>";
		};
		3801458F1E1DFFDF003DDB63 /* Home */ = {
			isa = PBXGroup;
			children = (
				380145901E1DFFDF003DDB63 /* Model */,
				380145911E1DFFDF003DDB63 /* View */,
				380145921E1DFFDF003DDB63 /* ViewController */,
			);
			path = Home;
			sourceTree = "<group>";
		};
		380145901E1DFFDF003DDB63 /* Model */ = {
			isa = PBXGroup;
			children = (
				382C90781E1F4AFF0010170E /* Torrent.swift */,
			);
			path = Model;
			sourceTree = "<group>";
		};
		380145911E1DFFDF003DDB63 /* View */ = {
			isa = PBXGroup;
			children = (
				380145931E1E01D8003DDB63 /* DriverCell.swift */,
				380145941E1E01D8003DDB63 /* DriverCell.xib */,
			);
			path = View;
			sourceTree = "<group>";
		};
		380145921E1DFFDF003DDB63 /* ViewController */ = {
			isa = PBXGroup;
			children = (
				3801455E1E1DFD34003DDB63 /* ViewController.swift */,
				3895EAA01E1FCB0000C3D8C3 /* TorrentViewController.swift */,
				3819206F1E1FCDB00092FFD7 /* BaseViewController.swift */,
			);
			path = ViewController;
			sourceTree = "<group>";
		};
		382C90751E1F499C0010170E /* Servers */ = {
			isa = PBXGroup;
			children = (
				382C90761E1F49B20010170E /* TorrentApi.swift */,
				382C907A1E1F4F850010170E /* TorrentApiProtocol.swift */,
			);
			path = Servers;
			sourceTree = "<group>";
		};
		3847CB761E1FC8AE001AE1CD /* Base */ = {
			isa = PBXGroup;
			children = (
				3847CB771E1FC8D2001AE1CD /* BaseNavigationController.swift */,
			);
			path = Base;
			sourceTree = "<group>";
		};
/* End PBXGroup section */

/* Begin PBXNativeTarget section */
		380145581E1DFD34003DDB63 /* Hulk */ = {
			isa = PBXNativeTarget;
			buildConfigurationList = 380145811E1DFD34003DDB63 /* Build configuration list for PBXNativeTarget "Hulk" */;
			buildPhases = (
				B62F3AEF5FD63A1DAFE68208 /* [CP] Check Pods Manifest.lock */,
				380145551E1DFD34003DDB63 /* Sources */,
				380145561E1DFD34003DDB63 /* Frameworks */,
				380145571E1DFD34003DDB63 /* Resources */,
				B32692FA7C4EB5009C3B5CFB /* [CP] Embed Pods Frameworks */,
				2B0B9BE24BEFCBF173C3A7EA /* [CP] Copy Pods Resources */,
			);
			buildRules = (
			);
			dependencies = (
			);
			name = Hulk;
			productName = Hulk;
			productReference = 380145591E1DFD34003DDB63 /* Hulk.app */;
			productType = "com.apple.product-type.application";
		};
		3801456C1E1DFD34003DDB63 /* HulkTests */ = {
			isa = PBXNativeTarget;
			buildConfigurationList = 380145841E1DFD34003DDB63 /* Build configuration list for PBXNativeTarget "HulkTests" */;
			buildPhases = (
				6E36697D76C068E5B68970E7 /* [CP] Check Pods Manifest.lock */,
				380145691E1DFD34003DDB63 /* Sources */,
				3801456A1E1DFD34003DDB63 /* Frameworks */,
				3801456B1E1DFD34003DDB63 /* Resources */,
				E2C80DC6B92EBBC4EB9008A4 /* [CP] Embed Pods Frameworks */,
				910804247C6BDD044552C638 /* [CP] Copy Pods Resources */,
			);
			buildRules = (
			);
			dependencies = (
				3801456F1E1DFD34003DDB63 /* PBXTargetDependency */,
			);
			name = HulkTests;
			productName = HulkTests;
			productReference = 3801456D1E1DFD34003DDB63 /* HulkTests.xctest */;
			productType = "com.apple.product-type.bundle.unit-test";
		};
		380145771E1DFD34003DDB63 /* HulkUITests */ = {
			isa = PBXNativeTarget;
			buildConfigurationList = 380145871E1DFD34003DDB63 /* Build configuration list for PBXNativeTarget "HulkUITests" */;
			buildPhases = (
				87D97025C1C02178C1348CBC /* [CP] Check Pods Manifest.lock */,
				380145741E1DFD34003DDB63 /* Sources */,
				380145751E1DFD34003DDB63 /* Frameworks */,
				380145761E1DFD34003DDB63 /* Resources */,
				C15EBDF2830CAF258C1DCCAC /* [CP] Embed Pods Frameworks */,
				2C5C652DDE29D412D5ABDADE /* [CP] Copy Pods Resources */,
			);
			buildRules = (
			);
			dependencies = (
				3801457A1E1DFD34003DDB63 /* PBXTargetDependency */,
			);
			name = HulkUITests;
			productName = HulkUITests;
			productReference = 380145781E1DFD34003DDB63 /* HulkUITests.xctest */;
			productType = "com.apple.product-type.bundle.ui-testing";
		};
/* End PBXNativeTarget section */

/* Begin PBXProject section */
		380145511E1DFD34003DDB63 /* Project object */ = {
			isa = PBXProject;
			attributes = {
				LastSwiftUpdateCheck = 0820;
				LastUpgradeCheck = 0820;
				ORGANIZATIONNAME = "黄少华";
				TargetAttributes = {
					380145581E1DFD34003DDB63 = {
						CreatedOnToolsVersion = 8.2;
						DevelopmentTeam = HE3M4LJKL5;
						ProvisioningStyle = Automatic;
					};
					3801456C1E1DFD34003DDB63 = {
						CreatedOnToolsVersion = 8.2;
						DevelopmentTeam = HE3M4LJKL5;
						ProvisioningStyle = Automatic;
						TestTargetID = 380145581E1DFD34003DDB63;
					};
					380145771E1DFD34003DDB63 = {
						CreatedOnToolsVersion = 8.2;
						DevelopmentTeam = HE3M4LJKL5;
						ProvisioningStyle = Automatic;
						TestTargetID = 380145581E1DFD34003DDB63;
					};
				};
			};
			buildConfigurationList = 380145541E1DFD34003DDB63 /* Build configuration list for PBXProject "Hulk" */;
			compatibilityVersion = "Xcode 3.2";
			developmentRegion = English;
			hasScannedForEncodings = 0;
			knownRegions = (
				en,
				Base,
			);
			mainGroup = 380145501E1DFD34003DDB63;
			productRefGroup = 3801455A1E1DFD34003DDB63 /* Products */;
			projectDirPath = "";
			projectRoot = "";
			targets = (
				380145581E1DFD34003DDB63 /* Hulk */,
				3801456C1E1DFD34003DDB63 /* HulkTests */,
				380145771E1DFD34003DDB63 /* HulkUITests */,
			);
		};
/* End PBXProject section */

/* Begin PBXResourcesBuildPhase section */
		380145571E1DFD34003DDB63 /* Resources */ = {
			isa = PBXResourcesBuildPhase;
			buildActionMask = 2147483647;
			files = (
				380145671E1DFD34003DDB63 /* LaunchScreen.storyboard in Resources */,
				380145641E1DFD34003DDB63 /* Assets.xcassets in Resources */,
				380145621E1DFD34003DDB63 /* Main.storyboard in Resources */,
				380145961E1E01D8003DDB63 /* DriverCell.xib in Resources */,
			);
			runOnlyForDeploymentPostprocessing = 0;
		};
		3801456B1E1DFD34003DDB63 /* Resources */ = {
			isa = PBXResourcesBuildPhase;
			buildActionMask = 2147483647;
			files = (
			);
			runOnlyForDeploymentPostprocessing = 0;
		};
		380145761E1DFD34003DDB63 /* Resources */ = {
			isa = PBXResourcesBuildPhase;
			buildActionMask = 2147483647;
			files = (
			);
			runOnlyForDeploymentPostprocessing = 0;
		};
/* End PBXResourcesBuildPhase section */

/* Begin PBXShellScriptBuildPhase section */
		2B0B9BE24BEFCBF173C3A7EA /* [CP] Copy Pods Resources */ = {
			isa = PBXShellScriptBuildPhase;
			buildActionMask = 2147483647;
			files = (
			);
			inputPaths = (
			);
			name = "[CP] Copy Pods Resources";
			outputPaths = (
			);
			runOnlyForDeploymentPostprocessing = 0;
			shellPath = /bin/sh;
			shellScript = "\"${SRCROOT}/Pods/Target Support Files/Pods-Hulk/Pods-Hulk-resources.sh\"\n";
			showEnvVarsInLog = 0;
		};
		2C5C652DDE29D412D5ABDADE /* [CP] Copy Pods Resources */ = {
			isa = PBXShellScriptBuildPhase;
			buildActionMask = 2147483647;
			files = (
			);
			inputPaths = (
			);
			name = "[CP] Copy Pods Resources";
			outputPaths = (
			);
			runOnlyForDeploymentPostprocessing = 0;
			shellPath = /bin/sh;
			shellScript = "\"${SRCROOT}/Pods/Target Support Files/Pods-HulkUITests/Pods-HulkUITests-resources.sh\"\n";
			showEnvVarsInLog = 0;
		};
		6E36697D76C068E5B68970E7 /* [CP] Check Pods Manifest.lock */ = {
			isa = PBXShellScriptBuildPhase;
			buildActionMask = 2147483647;
			files = (
			);
			inputPaths = (
			);
			name = "[CP] Check Pods Manifest.lock";
			outputPaths = (
			);
			runOnlyForDeploymentPostprocessing = 0;
			shellPath = /bin/sh;
			shellScript = "diff \"${PODS_ROOT}/../Podfile.lock\" \"${PODS_ROOT}/Manifest.lock\" > /dev/null\nif [ $? != 0 ] ; then\n    # print error to STDERR\n    echo \"error: The sandbox is not in sync with the Podfile.lock. Run 'pod install' or update your CocoaPods installation.\" >&2\n    exit 1\nfi\n";
			showEnvVarsInLog = 0;
		};
		87D97025C1C02178C1348CBC /* [CP] Check Pods Manifest.lock */ = {
			isa = PBXShellScriptBuildPhase;
			buildActionMask = 2147483647;
			files = (
			);
			inputPaths = (
			);
			name = "[CP] Check Pods Manifest.lock";
			outputPaths = (
			);
			runOnlyForDeploymentPostprocessing = 0;
			shellPath = /bin/sh;
			shellScript = "diff \"${PODS_ROOT}/../Podfile.lock\" \"${PODS_ROOT}/Manifest.lock\" > /dev/null\nif [ $? != 0 ] ; then\n    # print error to STDERR\n    echo \"error: The sandbox is not in sync with the Podfile.lock. Run 'pod install' or update your CocoaPods installation.\" >&2\n    exit 1\nfi\n";
			showEnvVarsInLog = 0;
		};
		910804247C6BDD044552C638 /* [CP] Copy Pods Resources */ = {
			isa = PBXShellScriptBuildPhase;
			buildActionMask = 2147483647;
			files = (
			);
			inputPaths = (
			);
			name = "[CP] Copy Pods Resources";
			outputPaths = (
			);
			runOnlyForDeploymentPostprocessing = 0;
			shellPath = /bin/sh;
			shellScript = "\"${SRCROOT}/Pods/Target Support Files/Pods-HulkTests/Pods-HulkTests-resources.sh\"\n";
			showEnvVarsInLog = 0;
		};
		B32692FA7C4EB5009C3B5CFB /* [CP] Embed Pods Frameworks */ = {
			isa = PBXShellScriptBuildPhase;
			buildActionMask = 2147483647;
			files = (
			);
			inputPaths = (
			);
			name = "[CP] Embed Pods Frameworks";
			outputPaths = (
			);
			runOnlyForDeploymentPostprocessing = 0;
			shellPath = /bin/sh;
			shellScript = "\"${SRCROOT}/Pods/Target Support Files/Pods-Hulk/Pods-Hulk-frameworks.sh\"\n";
			showEnvVarsInLog = 0;
		};
		B62F3AEF5FD63A1DAFE68208 /* [CP] Check Pods Manifest.lock */ = {
			isa = PBXShellScriptBuildPhase;
			buildActionMask = 2147483647;
			files = (
			);
			inputPaths = (
			);
			name = "[CP] Check Pods Manifest.lock";
			outputPaths = (
			);
			runOnlyForDeploymentPostprocessing = 0;
			shellPath = /bin/sh;
			shellScript = "diff \"${PODS_ROOT}/../Podfile.lock\" \"${PODS_ROOT}/Manifest.lock\" > /dev/null\nif [ $? != 0 ] ; then\n    # print error to STDERR\n    echo \"error: The sandbox is not in sync with the Podfile.lock. Run 'pod install' or update your CocoaPods installation.\" >&2\n    exit 1\nfi\n";
			showEnvVarsInLog = 0;
		};
		C15EBDF2830CAF258C1DCCAC /* [CP] Embed Pods Frameworks */ = {
			isa = PBXShellScriptBuildPhase;
			buildActionMask = 2147483647;
			files = (
			);
			inputPaths = (
			);
			name = "[CP] Embed Pods Frameworks";
			outputPaths = (
			);
			runOnlyForDeploymentPostprocessing = 0;
			shellPath = /bin/sh;
			shellScript = "\"${SRCROOT}/Pods/Target Support Files/Pods-HulkUITests/Pods-HulkUITests-frameworks.sh\"\n";
			showEnvVarsInLog = 0;
		};
		E2C80DC6B92EBBC4EB9008A4 /* [CP] Embed Pods Frameworks */ = {
			isa = PBXShellScriptBuildPhase;
			buildActionMask = 2147483647;
			files = (
			);
			inputPaths = (
			);
			name = "[CP] Embed Pods Frameworks";
			outputPaths = (
			);
			runOnlyForDeploymentPostprocessing = 0;
			shellPath = /bin/sh;
			shellScript = "\"${SRCROOT}/Pods/Target Support Files/Pods-HulkTests/Pods-HulkTests-frameworks.sh\"\n";
			showEnvVarsInLog = 0;
		};
/* End PBXShellScriptBuildPhase section */

/* Begin PBXSourcesBuildPhase section */
		380145551E1DFD34003DDB63 /* Sources */ = {
			isa = PBXSourcesBuildPhase;
			buildActionMask = 2147483647;
			files = (
				3801455F1E1DFD34003DDB63 /* ViewController.swift in Sources */,
				3847CB781E1FC8D2001AE1CD /* BaseNavigationController.swift in Sources */,
				380145951E1E01D8003DDB63 /* DriverCell.swift in Sources */,
				3895EAA11E1FCB0000C3D8C3 /* TorrentViewController.swift in Sources */,
				3801455D1E1DFD34003DDB63 /* AppDelegate.swift in Sources */,
				381920701E1FCDB00092FFD7 /* BaseViewController.swift in Sources */,
				382C90771E1F49B20010170E /* TorrentApi.swift in Sources */,
				382C90791E1F4AFF0010170E /* Torrent.swift in Sources */,
				382C907B1E1F4F850010170E /* TorrentApiProtocol.swift in Sources */,
			);
			runOnlyForDeploymentPostprocessing = 0;
		};
		380145691E1DFD34003DDB63 /* Sources */ = {
			isa = PBXSourcesBuildPhase;
			buildActionMask = 2147483647;
			files = (
				380145721E1DFD34003DDB63 /* HulkTests.swift in Sources */,
			);
			runOnlyForDeploymentPostprocessing = 0;
		};
		380145741E1DFD34003DDB63 /* Sources */ = {
			isa = PBXSourcesBuildPhase;
			buildActionMask = 2147483647;
			files = (
				3801457D1E1DFD34003DDB63 /* HulkUITests.swift in Sources */,
			);
			runOnlyForDeploymentPostprocessing = 0;
		};
/* End PBXSourcesBuildPhase section */

/* Begin PBXTargetDependency section */
		3801456F1E1DFD34003DDB63 /* PBXTargetDependency */ = {
			isa = PBXTargetDependency;
			target = 380145581E1DFD34003DDB63 /* Hulk */;
			targetProxy = 3801456E1E1DFD34003DDB63 /* PBXContainerItemProxy */;
		};
		3801457A1E1DFD34003DDB63 /* PBXTargetDependency */ = {
			isa = PBXTargetDependency;
			target = 380145581E1DFD34003DDB63 /* Hulk */;
			targetProxy = 380145791E1DFD34003DDB63 /* PBXContainerItemProxy */;
		};
/* End PBXTargetDependency section */

/* Begin PBXVariantGroup section */
		380145601E1DFD34003DDB63 /* Main.storyboard */ = {
			isa = PBXVariantGroup;
			children = (
				380145611E1DFD34003DDB63 /* Base */,
			);
			name = Main.storyboard;
			sourceTree = "<group>";
		};
		380145651E1DFD34003DDB63 /* LaunchScreen.storyboard */ = {
			isa = PBXVariantGroup;
			children = (
				380145661E1DFD34003DDB63 /* Base */,
			);
			name = LaunchScreen.storyboard;
			sourceTree = "<group>";
		};
/* End PBXVariantGroup section */

/* Begin XCBuildConfiguration section */
		3801457F1E1DFD34003DDB63 /* Debug */ = {
			isa = XCBuildConfiguration;
			buildSettings = {
				ALWAYS_SEARCH_USER_PATHS = NO;
				CLANG_ANALYZER_NONNULL = YES;
				CLANG_CXX_LANGUAGE_STANDARD = "gnu++0x";
				CLANG_CXX_LIBRARY = "libc++";
				CLANG_ENABLE_MODULES = YES;
				CLANG_ENABLE_OBJC_ARC = YES;
				CLANG_WARN_BOOL_CONVERSION = YES;
				CLANG_WARN_CONSTANT_CONVERSION = YES;
				CLANG_WARN_DIRECT_OBJC_ISA_USAGE = YES_ERROR;
				CLANG_WARN_DOCUMENTATION_COMMENTS = YES;
				CLANG_WARN_EMPTY_BODY = YES;
				CLANG_WARN_ENUM_CONVERSION = YES;
				CLANG_WARN_INFINITE_RECURSION = YES;
				CLANG_WARN_INT_CONVERSION = YES;
				CLANG_WARN_OBJC_ROOT_CLASS = YES_ERROR;
				CLANG_WARN_SUSPICIOUS_MOVE = YES;
				CLANG_WARN_UNREACHABLE_CODE = YES;
				CLANG_WARN__DUPLICATE_METHOD_MATCH = YES;
				"CODE_SIGN_IDENTITY[sdk=iphoneos*]" = "iPhone Developer";
				COPY_PHASE_STRIP = NO;
				DEBUG_INFORMATION_FORMAT = dwarf;
				ENABLE_STRICT_OBJC_MSGSEND = YES;
				ENABLE_TESTABILITY = YES;
				GCC_C_LANGUAGE_STANDARD = gnu99;
				GCC_DYNAMIC_NO_PIC = NO;
				GCC_NO_COMMON_BLOCKS = YES;
				GCC_OPTIMIZATION_LEVEL = 0;
				GCC_PREPROCESSOR_DEFINITIONS = (
					"DEBUG=1",
					"$(inherited)",
				);
				GCC_WARN_64_TO_32_BIT_CONVERSION = YES;
				GCC_WARN_ABOUT_RETURN_TYPE = YES_ERROR;
				GCC_WARN_UNDECLARED_SELECTOR = YES;
				GCC_WARN_UNINITIALIZED_AUTOS = YES_AGGRESSIVE;
				GCC_WARN_UNUSED_FUNCTION = YES;
				GCC_WARN_UNUSED_VARIABLE = YES;
				IPHONEOS_DEPLOYMENT_TARGET = 10.2;
				MTL_ENABLE_DEBUG_INFO = YES;
				ONLY_ACTIVE_ARCH = YES;
				SDKROOT = iphoneos;
				SWIFT_ACTIVE_COMPILATION_CONDITIONS = DEBUG;
				SWIFT_OPTIMIZATION_LEVEL = "-Onone";
				TARGETED_DEVICE_FAMILY = "1,2";
			};
			name = Debug;
		};
		380145801E1DFD34003DDB63 /* Release */ = {
			isa = XCBuildConfiguration;
			buildSettings = {
				ALWAYS_SEARCH_USER_PATHS = NO;
				CLANG_ANALYZER_NONNULL = YES;
				CLANG_CXX_LANGUAGE_STANDARD = "gnu++0x";
				CLANG_CXX_LIBRARY = "libc++";
				CLANG_ENABLE_MODULES = YES;
				CLANG_ENABLE_OBJC_ARC = YES;
				CLANG_WARN_BOOL_CONVERSION = YES;
				CLANG_WARN_CONSTANT_CONVERSION = YES;
				CLANG_WARN_DIRECT_OBJC_ISA_USAGE = YES_ERROR;
				CLANG_WARN_DOCUMENTATION_COMMENTS = YES;
				CLANG_WARN_EMPTY_BODY = YES;
				CLANG_WARN_ENUM_CONVERSION = YES;
				CLANG_WARN_INFINITE_RECURSION = YES;
				CLANG_WARN_INT_CONVERSION = YES;
				CLANG_WARN_OBJC_ROOT_CLASS = YES_ERROR;
				CLANG_WARN_SUSPICIOUS_MOVE = YES;
				CLANG_WARN_UNREACHABLE_CODE = YES;
				CLANG_WARN__DUPLICATE_METHOD_MATCH = YES;
				"CODE_SIGN_IDENTITY[sdk=iphoneos*]" = "iPhone Developer";
				COPY_PHASE_STRIP = NO;
				DEBUG_INFORMATION_FORMAT = "dwarf-with-dsym";
				ENABLE_NS_ASSERTIONS = NO;
				ENABLE_STRICT_OBJC_MSGSEND = YES;
				GCC_C_LANGUAGE_STANDARD = gnu99;
				GCC_NO_COMMON_BLOCKS = YES;
				GCC_WARN_64_TO_32_BIT_CONVERSION = YES;
				GCC_WARN_ABOUT_RETURN_TYPE = YES_ERROR;
				GCC_WARN_UNDECLARED_SELECTOR = YES;
				GCC_WARN_UNINITIALIZED_AUTOS = YES_AGGRESSIVE;
				GCC_WARN_UNUSED_FUNCTION = YES;
				GCC_WARN_UNUSED_VARIABLE = YES;
				IPHONEOS_DEPLOYMENT_TARGET = 10.2;
				MTL_ENABLE_DEBUG_INFO = NO;
				SDKROOT = iphoneos;
				SWIFT_OPTIMIZATION_LEVEL = "-Owholemodule";
				TARGETED_DEVICE_FAMILY = "1,2";
				VALIDATE_PRODUCT = YES;
			};
			name = Release;
		};
		380145821E1DFD34003DDB63 /* Debug */ = {
			isa = XCBuildConfiguration;
			baseConfigurationReference = BCC12555B35AA3B6370B8E78 /* Pods-Hulk.debug.xcconfig */;
			buildSettings = {
				ALWAYS_EMBED_SWIFT_STANDARD_LIBRARIES = YES;
				ASSETCATALOG_COMPILER_APPICON_NAME = AppIcon;
				DEVELOPMENT_TEAM = HE3M4LJKL5;
				INFOPLIST_FILE = Hulk/Info.plist;
				IPHONEOS_DEPLOYMENT_TARGET = 10.0;
				LD_RUNPATH_SEARCH_PATHS = "$(inherited) @executable_path/Frameworks";
				PRODUCT_BUNDLE_IDENTIFIER = MTTTTT.Hulk;
				PRODUCT_NAME = "$(TARGET_NAME)";
				SWIFT_VERSION = 3.0;
			};
			name = Debug;
		};
		380145831E1DFD34003DDB63 /* Release */ = {
			isa = XCBuildConfiguration;
			baseConfigurationReference = 52B4A7797BBA0535A62A7BF5 /* Pods-Hulk.release.xcconfig */;
			buildSettings = {
				ALWAYS_EMBED_SWIFT_STANDARD_LIBRARIES = YES;
				ASSETCATALOG_COMPILER_APPICON_NAME = AppIcon;
				DEVELOPMENT_TEAM = HE3M4LJKL5;
				INFOPLIST_FILE = Hulk/Info.plist;
				IPHONEOS_DEPLOYMENT_TARGET = 10.0;
				LD_RUNPATH_SEARCH_PATHS = "$(inherited) @executable_path/Frameworks";
				PRODUCT_BUNDLE_IDENTIFIER = MTTTTT.Hulk;
				PRODUCT_NAME = "$(TARGET_NAME)";
				SWIFT_VERSION = 3.0;
			};
			name = Release;
		};
		380145851E1DFD34003DDB63 /* Debug */ = {
			isa = XCBuildConfiguration;
			baseConfigurationReference = 2FC31A164E80EE4088F6012C /* Pods-HulkTests.debug.xcconfig */;
			buildSettings = {
				ALWAYS_EMBED_SWIFT_STANDARD_LIBRARIES = YES;
				BUNDLE_LOADER = "$(TEST_HOST)";
				DEVELOPMENT_TEAM = HE3M4LJKL5;
				INFOPLIST_FILE = HulkTests/Info.plist;
				LD_RUNPATH_SEARCH_PATHS = "$(inherited) @executable_path/Frameworks @loader_path/Frameworks";
				PRODUCT_BUNDLE_IDENTIFIER = MTTTTT.HulkTests;
				PRODUCT_NAME = "$(TARGET_NAME)";
				SWIFT_VERSION = 3.0;
				TEST_HOST = "$(BUILT_PRODUCTS_DIR)/Hulk.app/Hulk";
			};
			name = Debug;
		};
		380145861E1DFD34003DDB63 /* Release */ = {
			isa = XCBuildConfiguration;
			baseConfigurationReference = F234F8EAA32360D17C37B102 /* Pods-HulkTests.release.xcconfig */;
			buildSettings = {
				ALWAYS_EMBED_SWIFT_STANDARD_LIBRARIES = YES;
				BUNDLE_LOADER = "$(TEST_HOST)";
				DEVELOPMENT_TEAM = HE3M4LJKL5;
				INFOPLIST_FILE = HulkTests/Info.plist;
				LD_RUNPATH_SEARCH_PATHS = "$(inherited) @executable_path/Frameworks @loader_path/Frameworks";
				PRODUCT_BUNDLE_IDENTIFIER = MTTTTT.HulkTests;
				PRODUCT_NAME = "$(TARGET_NAME)";
				SWIFT_VERSION = 3.0;
				TEST_HOST = "$(BUILT_PRODUCTS_DIR)/Hulk.app/Hulk";
			};
			name = Release;
		};
		380145881E1DFD34003DDB63 /* Debug */ = {
			isa = XCBuildConfiguration;
			baseConfigurationReference = 757A03F2B1D74FE297A0AD19 /* Pods-HulkUITests.debug.xcconfig */;
			buildSettings = {
				ALWAYS_EMBED_SWIFT_STANDARD_LIBRARIES = YES;
				DEVELOPMENT_TEAM = HE3M4LJKL5;
				INFOPLIST_FILE = HulkUITests/Info.plist;
				LD_RUNPATH_SEARCH_PATHS = "$(inherited) @executable_path/Frameworks @loader_path/Frameworks";
				PRODUCT_BUNDLE_IDENTIFIER = MTTTTT.HulkUITests;
				PRODUCT_NAME = "$(TARGET_NAME)";
				SWIFT_VERSION = 3.0;
				TEST_TARGET_NAME = Hulk;
			};
			name = Debug;
		};
		380145891E1DFD34003DDB63 /* Release */ = {
			isa = XCBuildConfiguration;
			baseConfigurationReference = B821B4D0767D5E4838D41E11 /* Pods-HulkUITests.release.xcconfig */;
			buildSettings = {
				ALWAYS_EMBED_SWIFT_STANDARD_LIBRARIES = YES;
				DEVELOPMENT_TEAM = HE3M4LJKL5;
				INFOPLIST_FILE = HulkUITests/Info.plist;
				LD_RUNPATH_SEARCH_PATHS = "$(inherited) @executable_path/Frameworks @loader_path/Frameworks";
				PRODUCT_BUNDLE_IDENTIFIER = MTTTTT.HulkUITests;
				PRODUCT_NAME = "$(TARGET_NAME)";
				SWIFT_VERSION = 3.0;
				TEST_TARGET_NAME = Hulk;
			};
			name = Release;
		};
/* End XCBuildConfiguration section */

/* Begin XCConfigurationList section */
		380145541E1DFD34003DDB63 /* Build configuration list for PBXProject "Hulk" */ = {
			isa = XCConfigurationList;
			buildConfigurations = (
				3801457F1E1DFD34003DDB63 /* Debug */,
				380145801E1DFD34003DDB63 /* Release */,
			);
			defaultConfigurationIsVisible = 0;
			defaultConfigurationName = Release;
		};
		380145811E1DFD34003DDB63 /* Build configuration list for PBXNativeTarget "Hulk" */ = {
			isa = XCConfigurationList;
			buildConfigurations = (
				380145821E1DFD34003DDB63 /* Debug */,
				380145831E1DFD34003DDB63 /* Release */,
			);
			defaultConfigurationIsVisible = 0;
			defaultConfigurationName = Release;
		};
		380145841E1DFD34003DDB63 /* Build configuration list for PBXNativeTarget "HulkTests" */ = {
			isa = XCConfigurationList;
			buildConfigurations = (
				380145851E1DFD34003DDB63 /* Debug */,
				380145861E1DFD34003DDB63 /* Release */,
			);
			defaultConfigurationIsVisible = 0;
			defaultConfigurationName = Release;
		};
		380145871E1DFD34003DDB63 /* Build configuration list for PBXNativeTarget "HulkUITests" */ = {
			isa = XCConfigurationList;
			buildConfigurations = (
				380145881E1DFD34003DDB63 /* Debug */,
				380145891E1DFD34003DDB63 /* Release */,
			);
			defaultConfigurationIsVisible = 0;
			defaultConfigurationName = Release;
		};
/* End XCConfigurationList section */
	};
	rootObject = 380145511E1DFD34003DDB63 /* Project object */;
}
